
Microsoft Visual Studio Solution File, Format Version 12.00
# Visual Studio Version 16
VisualStudioVersion = 16.0.32901.82
MinimumVisualStudioVersion = 10.0.40219.1
Project("{FAE04EC0-301F-11D3-BF4B-00C04F79EFBC}") = "devoir2", "devoir2.csproj", "{5143B8BE-B702-4822-A014-BE2AA2032CA5}"
EndProject
Global
	GlobalSection(SolutionConfigurationPlatforms) = preSolution
		Debug|Any CPU = Debug|Any CPU
		Release|Any CPU = Release|Any CPU
	EndGlobalSection
	GlobalSection(ProjectConfigurationPlatforms) = postSolution
		{5143B8BE-B702-4822-A014-BE2AA2032CA5}.Debug|Any CPU.ActiveCfg = Debug|Any CPU
		{5143B8BE-B702-4822-A014-BE2AA2032CA5}.Debug|Any CPU.Build.0 = Debug|Any CPU
		{5143B8BE-B702-4822-A014-BE2AA2032CA5}.Release|Any CPU.ActiveCfg = Release|Any CPU
		{5143B8BE-B702-4822-A014-BE2AA2032CA5}.Release|Any CPU.Build.0 = Release|Any CPU
	EndGlobalSection
	GlobalSection(SolutionProperties) = preSolution
		HideSolutionNode = FALSE
	EndGlobalSection
	GlobalSection(ExtensibilityGlobals) = postSolution
		SolutionGuid = {D966CD1A-1481-4CE4-A2E5-8A6AA93A1E7E}
	EndGlobalSection
EndGlobal
